
Microsoft Visual Studio Solution File, Format Version 12.00
# Visual Studio Version 17
VisualStudioVersion = 17.2.32526.322
MinimumVisualStudioVersion = 10.0.40219.1
Project("{FAE04EC0-301F-11D3-BF4B-00C04F79EFBC}") = "ProyectoVenta", "ProyectoVenta\ProyectoVenta.csproj", "{5A0AB6A2-C2B6-44BB-9DCE-EA689B12A771}"
EndProject
Project("{54435603-DBB4-11D2-8724-00A0C9A8B90C}") = "MaxInfosis_Setup", "MaxInfosis_Setup\MaxInfosis_Setup.vdproj", "{0F7D9DF9-04E2-4E47-B342-5D32F76FBE60}"
EndProject
Project("{54435603-DBB4-11D2-8724-00A0C9A8B90C}") = "MaxInfosis 1.0.140622", "MaxInfosis 1.0.140622\MaxInfosis 1.0.140622.vdproj", "{67E43D08-0C15-48FB-9962-CD74D0A98B2A}"
EndProject
Project("{54435603-DBB4-11D2-8724-00A0C9A8B90C}") = "MaxInfosis 1.0.080822", "MaxInfosis 1.0.080822\MaxInfosis 1.0.080822.vdproj", "{859922BE-70EC-415B-A6F7-164681FA97AF}"
EndProject
Global
	GlobalSection(SolutionConfigurationPlatforms) = preSolution
		Debug|Any CPU = Debug|Any CPU
		Release|Any CPU = Release|Any CPU
	EndGlobalSection
	GlobalSection(ProjectConfigurationPlatforms) = postSolution
		{5A0AB6A2-C2B6-44BB-9DCE-EA689B12A771}.Debug|Any CPU.ActiveCfg = Debug|Any CPU
		{5A0AB6A2-C2B6-44BB-9DCE-EA689B12A771}.Debug|Any CPU.Build.0 = Debug|Any CPU
		{5A0AB6A2-C2B6-44BB-9DCE-EA689B12A771}.Release|Any CPU.ActiveCfg = Release|Any CPU
		{5A0AB6A2-C2B6-44BB-9DCE-EA689B12A771}.Release|Any CPU.Build.0 = Release|Any CPU
		{0F7D9DF9-04E2-4E47-B342-5D32F76FBE60}.Debug|Any CPU.ActiveCfg = Debug
		{0F7D9DF9-04E2-4E47-B342-5D32F76FBE60}.Release|Any CPU.ActiveCfg = Release
		{67E43D08-0C15-48FB-9962-CD74D0A98B2A}.Debug|Any CPU.ActiveCfg = Debug
		{67E43D08-0C15-48FB-9962-CD74D0A98B2A}.Release|Any CPU.ActiveCfg = Release
		{859922BE-70EC-415B-A6F7-164681FA97AF}.Debug|Any CPU.ActiveCfg = Debug
		{859922BE-70EC-415B-A6F7-164681FA97AF}.Release|Any CPU.ActiveCfg = Release
	EndGlobalSection
	GlobalSection(SolutionProperties) = preSolution
		HideSolutionNode = FALSE
	EndGlobalSection
	GlobalSection(ExtensibilityGlobals) = postSolution
		SolutionGuid = {5BEB2D0E-AF15-4A47-B128-4760D6724618}
	EndGlobalSection
EndGlobal
